
Microsoft Visual Studio Solution File, Format Version 12.00
Project("{FAE04EC0-301F-11D3-BF4B-00C04F79EFBC}") = "MisBigBoartPatientWeb", "MisBigBoartPatientWeb\MisBigBoartPatientWeb\MisBigBoartPatientWeb.csproj", "{BB071041-3FCC-4F65-B923-1761779FAB07}"
EndProject
Project("{FAE04EC0-301F-11D3-BF4B-00C04F79EFBC}") = "MisBigBoartPatientWeb.Desktop", "MisBigBoartPatientWeb\MisBigBoartPatientWeb.Desktop\MisBigBoartPatientWeb.Desktop.csproj", "{9C066554-41A3-4FAA-8BE3-BF6D96FEA834}"
EndProject
Project("{FAE04EC0-301F-11D3-BF4B-00C04F79EFBC}") = "MisBigBoartPatientWeb.Browser", "MisBigBoartPatientWeb\MisBigBoartPatientWeb.Browser\MisBigBoartPatientWeb.Browser.csproj", "{D5C579C4-502F-4A1A-9C24-0E3DD67EC43B}"
EndProject
Global
	GlobalSection(SolutionConfigurationPlatforms) = preSolution
		Debug|Any CPU = Debug|Any CPU
		Release|Any CPU = Release|Any CPU
	EndGlobalSection
	GlobalSection(ProjectConfigurationPlatforms) = postSolution
		{BB071041-3FCC-4F65-B923-1761779FAB07}.Debug|Any CPU.ActiveCfg = Debug|Any CPU
		{BB071041-3FCC-4F65-B923-1761779FAB07}.Debug|Any CPU.Build.0 = Debug|Any CPU
		{BB071041-3FCC-4F65-B923-1761779FAB07}.Release|Any CPU.ActiveCfg = Release|Any CPU
		{BB071041-3FCC-4F65-B923-1761779FAB07}.Release|Any CPU.Build.0 = Release|Any CPU
		{9C066554-41A3-4FAA-8BE3-BF6D96FEA834}.Debug|Any CPU.ActiveCfg = Debug|Any CPU
		{9C066554-41A3-4FAA-8BE3-BF6D96FEA834}.Debug|Any CPU.Build.0 = Debug|Any CPU
		{9C066554-41A3-4FAA-8BE3-BF6D96FEA834}.Release|Any CPU.ActiveCfg = Release|Any CPU
		{9C066554-41A3-4FAA-8BE3-BF6D96FEA834}.Release|Any CPU.Build.0 = Release|Any CPU
		{D5C579C4-502F-4A1A-9C24-0E3DD67EC43B}.Debug|Any CPU.ActiveCfg = Debug|Any CPU
		{D5C579C4-502F-4A1A-9C24-0E3DD67EC43B}.Debug|Any CPU.Build.0 = Debug|Any CPU
		{D5C579C4-502F-4A1A-9C24-0E3DD67EC43B}.Release|Any CPU.ActiveCfg = Release|Any CPU
		{D5C579C4-502F-4A1A-9C24-0E3DD67EC43B}.Release|Any CPU.Build.0 = Release|Any CPU
	EndGlobalSection
EndGlobal
