
Microsoft Visual Studio Solution File, Format Version 12.00
Project("{FAE04EC0-301F-11D3-BF4B-00C04F79EFBC}") = "MISSheduleEmployee", "MISSheduleEmployee\MISSheduleEmployee.csproj", "{136FC734-CB1E-446D-A515-D5CD4F316C55}"
EndProject
Global
	GlobalSection(SolutionConfigurationPlatforms) = preSolution
		Debug|Any CPU = Debug|Any CPU
		Release|Any CPU = Release|Any CPU
	EndGlobalSection
	GlobalSection(ProjectConfigurationPlatforms) = postSolution
		{136FC734-CB1E-446D-A515-D5CD4F316C55}.Debug|Any CPU.ActiveCfg = Debug|Any CPU
		{136FC734-CB1E-446D-A515-D5CD4F316C55}.Debug|Any CPU.Build.0 = Debug|Any CPU
		{136FC734-CB1E-446D-A515-D5CD4F316C55}.Release|Any CPU.ActiveCfg = Release|Any CPU
		{136FC734-CB1E-446D-A515-D5CD4F316C55}.Release|Any CPU.Build.0 = Release|Any CPU
	EndGlobalSection
EndGlobal
